// !$*UTF8*$!
{
	archiveVersion = 1;
	classes = {
	};
	objectVersion = 50;
	objects = {

/* Begin PBXBuildFile section */
		63AA5F5725DA8CC600A5ED60 /* AppDelegate.swift in Sources */ = {isa = PBXBuildFile; fileRef = 63AA5F5625DA8CC600A5ED60 /* AppDelegate.swift */; };
		63AA5F5925DA8CC600A5ED60 /* SceneDelegate.swift in Sources */ = {isa = PBXBuildFile; fileRef = 63AA5F5825DA8CC600A5ED60 /* SceneDelegate.swift */; };
		63AA5F5B25DA8CC600A5ED60 /* ViewController.swift in Sources */ = {isa = PBXBuildFile; fileRef = 63AA5F5A25DA8CC600A5ED60 /* ViewController.swift */; };
		63AA5F5E25DA8CC600A5ED60 /* Main.storyboard in Resources */ = {isa = PBXBuildFile; fileRef = 63AA5F5C25DA8CC600A5ED60 /* Main.storyboard */; };
		63AA5F6025DA8CC800A5ED60 /* Assets.xcassets in Resources */ = {isa = PBXBuildFile; fileRef = 63AA5F5F25DA8CC800A5ED60 /* Assets.xcassets */; };
		63AA5F6325DA8CC800A5ED60 /* LaunchScreen.storyboard in Resources */ = {isa = PBXBuildFile; fileRef = 63AA5F6125DA8CC800A5ED60 /* LaunchScreen.storyboard */; };
		63AA5F6C25DA8D5800A5ED60 /* CustomView.swift in Sources */ = {isa = PBXBuildFile; fileRef = 63AA5F6B25DA8D5800A5ED60 /* CustomView.swift */; };
		63AA5F6F25DA923900A5ED60 /* Circle.swift in Sources */ = {isa = PBXBuildFile; fileRef = 63AA5F6E25DA923900A5ED60 /* Circle.swift */; };
		63AA5F7225DA924900A5ED60 /* Rectangle.swift in Sources */ = {isa = PBXBuildFile; fileRef = 63AA5F7125DA924900A5ED60 /* Rectangle.swift */; };
		63AA5F7725DADF1600A5ED60 /* Line.swift in Sources */ = {isa = PBXBuildFile; fileRef = 63AA5F7625DADF1600A5ED60 /* Line.swift */; };
		63AA5F7A25DAE9F700A5ED60 /* Triangle.swift in Sources */ = {isa = PBXBuildFile; fileRef = 63AA5F7925DAE9F700A5ED60 /* Triangle.swift */; };
/* End PBXBuildFile section */

/* Begin PBXFileReference section */
		63AA5F5325DA8CC600A5ED60 /* CustomDrawingApp.app */ = {isa = PBXFileReference; explicitFileType = wrapper.application; includeInIndex = 0; path = CustomDrawingApp.app; sourceTree = BUILT_PRODUCTS_DIR; };
		63AA5F5625DA8CC600A5ED60 /* AppDelegate.swift */ = {isa = PBXFileReference; lastKnownFileType = sourcecode.swift; path = AppDelegate.swift; sourceTree = "<group>"; };
		63AA5F5825DA8CC600A5ED60 /* SceneDelegate.swift */ = {isa = PBXFileReference; lastKnownFileType = sourcecode.swift; path = SceneDelegate.swift; sourceTree = "<group>"; };
		63AA5F5A25DA8CC600A5ED60 /* ViewController.swift */ = {isa = PBXFileReference; lastKnownFileType = sourcecode.swift; path = ViewController.swift; sourceTree = "<group>"; };
		63AA5F5D25DA8CC600A5ED60 /* Base */ = {isa = PBXFileReference; lastKnownFileType = file.storyboard; name = Base; path = Base.lproj/Main.storyboard; sourceTree = "<group>"; };
		63AA5F5F25DA8CC800A5ED60 /* Assets.xcassets */ = {isa = PBXFileReference; lastKnownFileType = folder.assetcatalog; path = Assets.xcassets; sourceTree = "<group>"; };
		63AA5F6225DA8CC800A5ED60 /* Base */ = {isa = PBXFileReference; lastKnownFileType = file.storyboard; name = Base; path = Base.lproj/LaunchScreen.storyboard; sourceTree = "<group>"; };
		63AA5F6425DA8CC800A5ED60 /* Info.plist */ = {isa = PBXFileReference; lastKnownFileType = text.plist.xml; path = Info.plist; sourceTree = "<group>"; };
		63AA5F6B25DA8D5800A5ED60 /* CustomView.swift */ = {isa = PBXFileReference; lastKnownFileType = sourcecode.swift; path = CustomView.swift; sourceTree = "<group>"; };
		63AA5F6E25DA923900A5ED60 /* Circle.swift */ = {isa = PBXFileReference; lastKnownFileType = sourcecode.swift; path = Circle.swift; sourceTree = "<group>"; };
		63AA5F7125DA924900A5ED60 /* Rectangle.swift */ = {isa = PBXFileReference; lastKnownFileType = sourcecode.swift; path = Rectangle.swift; sourceTree = "<group>"; };
		63AA5F7625DADF1600A5ED60 /* Line.swift */ = {isa = PBXFileReference; lastKnownFileType = sourcecode.swift; path = Line.swift; sourceTree = "<group>"; };
		63AA5F7925DAE9F700A5ED60 /* Triangle.swift */ = {isa = PBXFileReference; lastKnownFileType = sourcecode.swift; path = Triangle.swift; sourceTree = "<group>"; };
/* End PBXFileReference section */

/* Begin PBXFrameworksBuildPhase section */
		63AA5F5025DA8CC600A5ED60 /* Frameworks */ = {
			isa = PBXFrameworksBuildPhase;
			buildActionMask = 2147483647;
			files = (
			);
			runOnlyForDeploymentPostprocessing = 0;
		};
/* End PBXFrameworksBuildPhase section */

/* Begin PBXGroup section */
		63AA5F4A25DA8CC600A5ED60 = {
			isa = PBXGroup;
			children = (
				63AA5F5525DA8CC600A5ED60 /* CustomDrawingApp */,
				63AA5F5425DA8CC600A5ED60 /* Products */,
			);
			sourceTree = "<group>";
		};
		63AA5F5425DA8CC600A5ED60 /* Products */ = {
			isa = PBXGroup;
			children = (
				63AA5F5325DA8CC600A5ED60 /* CustomDrawingApp.app */,
			);
			name = Products;
			sourceTree = "<group>";
		};
		63AA5F5525DA8CC600A5ED60 /* CustomDrawingApp */ = {
			isa = PBXGroup;
			children = (
				63AA5F5625DA8CC600A5ED60 /* AppDelegate.swift */,
				63AA5F5825DA8CC600A5ED60 /* SceneDelegate.swift */,
				63AA5F5A25DA8CC600A5ED60 /* ViewController.swift */,
				63AA5F5C25DA8CC600A5ED60 /* Main.storyboard */,
				63AA5F5F25DA8CC800A5ED60 /* Assets.xcassets */,
				63AA5F6125DA8CC800A5ED60 /* LaunchScreen.storyboard */,
				63AA5F6425DA8CC800A5ED60 /* Info.plist */,
				63AA5F6B25DA8D5800A5ED60 /* CustomView.swift */,
				63AA5F7425DA926900A5ED60 /* Models */,
			);
			path = CustomDrawingApp;
			sourceTree = "<group>";
		};
		63AA5F7425DA926900A5ED60 /* Models */ = {
			isa = PBXGroup;
			children = (
				63AA5F6E25DA923900A5ED60 /* Circle.swift */,
				63AA5F7125DA924900A5ED60 /* Rectangle.swift */,
				63AA5F7625DADF1600A5ED60 /* Line.swift */,
				63AA5F7925DAE9F700A5ED60 /* Triangle.swift */,
			);
			path = Models;
			sourceTree = "<group>";
		};
/* End PBXGroup section */

/* Begin PBXNativeTarget section */
		63AA5F5225DA8CC600A5ED60 /* CustomDrawingApp */ = {
			isa = PBXNativeTarget;
			buildConfigurationList = 63AA5F6725DA8CC800A5ED60 /* Build configuration list for PBXNativeTarget "CustomDrawingApp" */;
			buildPhases = (
				63AA5F4F25DA8CC600A5ED60 /* Sources */,
				63AA5F5025DA8CC600A5ED60 /* Frameworks */,
				63AA5F5125DA8CC600A5ED60 /* Resources */,
			);
			buildRules = (
			);
			dependencies = (
			);
			name = CustomDrawingApp;
			productName = CustomDrawingApp;
			productReference = 63AA5F5325DA8CC600A5ED60 /* CustomDrawingApp.app */;
			productType = "com.apple.product-type.application";
		};
/* End PBXNativeTarget section */

/* Begin PBXProject section */
		63AA5F4B25DA8CC600A5ED60 /* Project object */ = {
			isa = PBXProject;
			attributes = {
				LastSwiftUpdateCheck = 1240;
				LastUpgradeCheck = 1240;
				TargetAttributes = {
					63AA5F5225DA8CC600A5ED60 = {
						CreatedOnToolsVersion = 12.4;
					};
				};
			};
			buildConfigurationList = 63AA5F4E25DA8CC600A5ED60 /* Build configuration list for PBXProject "CustomDrawingApp" */;
			compatibilityVersion = "Xcode 9.3";
			developmentRegion = en;
			hasScannedForEncodings = 0;
			knownRegions = (
				en,
				Base,
			);
			mainGroup = 63AA5F4A25DA8CC600A5ED60;
			productRefGroup = 63AA5F5425DA8CC600A5ED60 /* Products */;
			projectDirPath = "";
			projectRoot = "";
			targets = (
				63AA5F5225DA8CC600A5ED60 /* CustomDrawingApp */,
			);
		};
/* End PBXProject section */

/* Begin PBXResourcesBuildPhase section */
		63AA5F5125DA8CC600A5ED60 /* Resources */ = {
			isa = PBXResourcesBuildPhase;
			buildActionMask = 2147483647;
			files = (
				63AA5F6325DA8CC800A5ED60 /* LaunchScreen.storyboard in Resources */,
				63AA5F6025DA8CC800A5ED60 /* Assets.xcassets in Resources */,
				63AA5F5E25DA8CC600A5ED60 /* Main.storyboard in Resources */,
			);
			runOnlyForDeploymentPostprocessing = 0;
		};
/* End PBXResourcesBuildPhase section */

/* Begin PBXSourcesBuildPhase section */
		63AA5F4F25DA8CC600A5ED60 /* Sources */ = {
			isa = PBXSourcesBuildPhase;
			buildActionMask = 2147483647;
			files = (
				63AA5F6F25DA923900A5ED60 /* Circle.swift in Sources */,
				63AA5F5B25DA8CC600A5ED60 /* ViewController.swift in Sources */,
				63AA5F6C25DA8D5800A5ED60 /* CustomView.swift in Sources */,
				63AA5F7225DA924900A5ED60 /* Rectangle.swift in Sources */,
				63AA5F5725DA8CC600A5ED60 /* AppDelegate.swift in Sources */,
				63AA5F7725DADF1600A5ED60 /* Line.swift in Sources */,
				63AA5F5925DA8CC600A5ED60 /* SceneDelegate.swift in Sources */,
				63AA5F7A25DAE9F700A5ED60 /* Triangle.swift in Sources */,
			);
			runOnlyForDeploymentPostprocessing = 0;
		};
/* End PBXSourcesBuildPhase section */

/* Begin PBXVariantGroup section */
		63AA5F5C25DA8CC600A5ED60 /* Main.storyboard */ = {
			isa = PBXVariantGroup;
			children = (
				63AA5F5D25DA8CC600A5ED60 /* Base */,
			);
			name = Main.storyboard;
			sourceTree = "<group>";
		};
		63AA5F6125DA8CC800A5ED60 /* LaunchScreen.storyboard */ = {
			isa = PBXVariantGroup;
			children = (
				63AA5F6225DA8CC800A5ED60 /* Base */,
			);
			name = LaunchScreen.storyboard;
			sourceTree = "<group>";
		};
/* End PBXVariantGroup section */

/* Begin XCBuildConfiguration section */
		63AA5F6525DA8CC800A5ED60 /* Debug */ = {
			isa = XCBuildConfiguration;
			buildSettings = {
				ALWAYS_SEARCH_USER_PATHS = NO;
				CLANG_ANALYZER_NONNULL = YES;
				CLANG_ANALYZER_NUMBER_OBJECT_CONVERSION = YES_AGGRESSIVE;
				CLANG_CXX_LANGUAGE_STANDARD = "gnu++14";
				CLANG_CXX_LIBRARY = "libc++";
				CLANG_ENABLE_MODULES = YES;
				CLANG_ENABLE_OBJC_ARC = YES;
				CLANG_ENABLE_OBJC_WEAK = YES;
				CLANG_WARN_BLOCK_CAPTURE_AUTORELEASING = YES;
				CLANG_WARN_BOOL_CONVERSION = YES;
				CLANG_WARN_COMMA = YES;
				CLANG_WARN_CONSTANT_CONVERSION = YES;
				CLANG_WARN_DEPRECATED_OBJC_IMPLEMENTATIONS = YES;
				CLANG_WARN_DIRECT_OBJC_ISA_USAGE = YES_ERROR;
				CLANG_WARN_DOCUMENTATION_COMMENTS = YES;
				CLANG_WARN_EMPTY_BODY = YES;
				CLANG_WARN_ENUM_CONVERSION = YES;
				CLANG_WARN_INFINITE_RECURSION = YES;
				CLANG_WARN_INT_CONVERSION = YES;
				CLANG_WARN_NON_LITERAL_NULL_CONVERSION = YES;
				CLANG_WARN_OBJC_IMPLICIT_RETAIN_SELF = YES;
				CLANG_WARN_OBJC_LITERAL_CONVERSION = YES;
				CLANG_WARN_OBJC_ROOT_CLASS = YES_ERROR;
				CLANG_WARN_QUOTED_INCLUDE_IN_FRAMEWORK_HEADER = YES;
				CLANG_WARN_RANGE_LOOP_ANALYSIS = YES;
				CLANG_WARN_STRICT_PROTOTYPES = YES;
				CLANG_WARN_SUSPICIOUS_MOVE = YES;
				CLANG_WARN_UNGUARDED_AVAILABILITY = YES_AGGRESSIVE;
				CLANG_WARN_UNREACHABLE_CODE = YES;
				CLANG_WARN__DUPLICATE_METHOD_MATCH = YES;
				COPY_PHASE_STRIP = NO;
				DEBUG_INFORMATION_FORMAT = dwarf;
				ENABLE_STRICT_OBJC_MSGSEND = YES;
				ENABLE_TESTABILITY = YES;
				GCC_C_LANGUAGE_STANDARD = gnu11;
				GCC_DYNAMIC_NO_PIC = NO;
				GCC_NO_COMMON_BLOCKS = YES;
				GCC_OPTIMIZATION_LEVEL = 0;
				GCC_PREPROCESSOR_DEFINITIONS = (
					"DEBUG=1",
					"$(inherited)",
				);
				GCC_WARN_64_TO_32_BIT_CONVERSION = YES;
				GCC_WARN_ABOUT_RETURN_TYPE = YES_ERROR;
				GCC_WARN_UNDECLARED_SELECTOR = YES;
				GCC_WARN_UNINITIALIZED_AUTOS = YES_AGGRESSIVE;
				GCC_WARN_UNUSED_FUNCTION = YES;
				GCC_WARN_UNUSED_VARIABLE = YES;
				IPHONEOS_DEPLOYMENT_TARGET = 14.4;
				MTL_ENABLE_DEBUG_INFO = INCLUDE_SOURCE;
				MTL_FAST_MATH = YES;
				ONLY_ACTIVE_ARCH = YES;
				SDKROOT = iphoneos;
				SWIFT_ACTIVE_COMPILATION_CONDITIONS = DEBUG;
				SWIFT_OPTIMIZATION_LEVEL = "-Onone";
			};
			name = Debug;
		};
		63AA5F6625DA8CC800A5ED60 /* Release */ = {
			isa = XCBuildConfiguration;
			buildSettings = {
				ALWAYS_SEARCH_USER_PATHS = NO;
				CLANG_ANALYZER_NONNULL = YES;
				CLANG_ANALYZER_NUMBER_OBJECT_CONVERSION = YES_AGGRESSIVE;
				CLANG_CXX_LANGUAGE_STANDARD = "gnu++14";
				CLANG_CXX_LIBRARY = "libc++";
				CLANG_ENABLE_MODULES = YES;
				CLANG_ENABLE_OBJC_ARC = YES;
				CLANG_ENABLE_OBJC_WEAK = YES;
				CLANG_WARN_BLOCK_CAPTURE_AUTORELEASING = YES;
				CLANG_WARN_BOOL_CONVERSION = YES;
				CLANG_WARN_COMMA = YES;
				CLANG_WARN_CONSTANT_CONVERSION = YES;
				CLANG_WARN_DEPRECATED_OBJC_IMPLEMENTATIONS = YES;
				CLANG_WARN_DIRECT_OBJC_ISA_USAGE = YES_ERROR;
				CLANG_WARN_DOCUMENTATION_COMMENTS = YES;
				CLANG_WARN_EMPTY_BODY = YES;
				CLANG_WARN_ENUM_CONVERSION = YES;
				CLANG_WARN_INFINITE_RECURSION = YES;
				CLANG_WARN_INT_CONVERSION = YES;
				CLANG_WARN_NON_LITERAL_NULL_CONVERSION = YES;
				CLANG_WARN_OBJC_IMPLICIT_RETAIN_SELF = YES;
				CLANG_WARN_OBJC_LITERAL_CONVERSION = YES;
				CLANG_WARN_OBJC_ROOT_CLASS = YES_ERROR;
				CLANG_WARN_QUOTED_INCLUDE_IN_FRAMEWORK_HEADER = YES;
				CLANG_WARN_RANGE_LOOP_ANALYSIS = YES;
				CLANG_WARN_STRICT_PROTOTYPES = YES;
				CLANG_WARN_SUSPICIOUS_MOVE = YES;
				CLANG_WARN_UNGUARDED_AVAILABILITY = YES_AGGRESSIVE;
				CLANG_WARN_UNREACHABLE_CODE = YES;
				CLANG_WARN__DUPLICATE_METHOD_MATCH = YES;
				COPY_PHASE_STRIP = NO;
				DEBUG_INFORMATION_FORMAT = "dwarf-with-dsym";
				ENABLE_NS_ASSERTIONS = NO;
				ENABLE_STRICT_OBJC_MSGSEND = YES;
				GCC_C_LANGUAGE_STANDARD = gnu11;
				GCC_NO_COMMON_BLOCKS = YES;
				GCC_WARN_64_TO_32_BIT_CONVERSION = YES;
				GCC_WARN_ABOUT_RETURN_TYPE = YES_ERROR;
				GCC_WARN_UNDECLARED_SELECTOR = YES;
				GCC_WARN_UNINITIALIZED_AUTOS = YES_AGGRESSIVE;
				GCC_WARN_UNUSED_FUNCTION = YES;
				GCC_WARN_UNUSED_VARIABLE = YES;
				IPHONEOS_DEPLOYMENT_TARGET = 14.4;
				MTL_ENABLE_DEBUG_INFO = NO;
				MTL_FAST_MATH = YES;
				SDKROOT = iphoneos;
				SWIFT_COMPILATION_MODE = wholemodule;
				SWIFT_OPTIMIZATION_LEVEL = "-O";
				VALIDATE_PRODUCT = YES;
			};
			name = Release;
		};
		63AA5F6825DA8CC800A5ED60 /* Debug */ = {
			isa = XCBuildConfiguration;
			buildSettings = {
				ASSETCATALOG_COMPILER_APPICON_NAME = AppIcon;
				ASSETCATALOG_COMPILER_GLOBAL_ACCENT_COLOR_NAME = AccentColor;
				CODE_SIGN_STYLE = Automatic;
				INFOPLIST_FILE = CustomDrawingApp/Info.plist;
				LD_RUNPATH_SEARCH_PATHS = (
					"$(inherited)",
					"@executable_path/Frameworks",
				);
				PRODUCT_BUNDLE_IDENTIFIER = kbtu.CustomDrawingApp;
				PRODUCT_NAME = "$(TARGET_NAME)";
				SWIFT_VERSION = 5.0;
				TARGETED_DEVICE_FAMILY = "1,2";
			};
			name = Debug;
		};
		63AA5F6925DA8CC800A5ED60 /* Release */ = {
			isa = XCBuildConfiguration;
			buildSettings = {
				ASSETCATALOG_COMPILER_APPICON_NAME = AppIcon;
				ASSETCATALOG_COMPILER_GLOBAL_ACCENT_COLOR_NAME = AccentColor;
				CODE_SIGN_STYLE = Automatic;
				INFOPLIST_FILE = CustomDrawingApp/Info.plist;
				LD_RUNPATH_SEARCH_PATHS = (
					"$(inherited)",
					"@executable_path/Frameworks",
				);
				PRODUCT_BUNDLE_IDENTIFIER = kbtu.CustomDrawingApp;
				PRODUCT_NAME = "$(TARGET_NAME)";
				SWIFT_VERSION = 5.0;
				TARGETED_DEVICE_FAMILY = "1,2";
			};
			name = Release;
		};
/* End XCBuildConfiguration section */

/* Begin XCConfigurationList section */
		63AA5F4E25DA8CC600A5ED60 /* Build configuration list for PBXProject "CustomDrawingApp" */ = {
			isa = XCConfigurationList;
			buildConfigurations = (
				63AA5F6525DA8CC800A5ED60 /* Debug */,
				63AA5F6625DA8CC800A5ED60 /* Release */,
			);
			defaultConfigurationIsVisible = 0;
			defaultConfigurationName = Release;
		};
		63AA5F6725DA8CC800A5ED60 /* Build configuration list for PBXNativeTarget "CustomDrawingApp" */ = {
			isa = XCConfigurationList;
			buildConfigurations = (
				63AA5F6825DA8CC800A5ED60 /* Debug */,
				63AA5F6925DA8CC800A5ED60 /* Release */,
			);
			defaultConfigurationIsVisible = 0;
			defaultConfigurationName = Release;
		};
/* End XCConfigurationList section */
	};
	rootObject = 63AA5F4B25DA8CC600A5ED60 /* Project object */;
}
